
Microsoft Visual Studio Solution File, Format Version 12.00
# Visual Studio Version 16
VisualStudioVersion = 16.0.29230.47
MinimumVisualStudioVersion = 10.0.40219.1
Project("{FAE04EC0-301F-11D3-BF4B-00C04F79EFBC}") = "ControlePonto.ConsoleApp", "ControlePonto.ConsoleApp\ControlePonto.ConsoleApp.csproj", "{E3FCD73B-91E8-4794-A8D3-AE2C1BD4620A}"
EndProject
Project("{FAE04EC0-301F-11D3-BF4B-00C04F79EFBC}") = "ControlePonto.Adapters", "ControlePonto.Adapters\ControlePonto.Adapters.csproj", "{B357B041-3EF8-47B8-984A-1155F960B885}"
EndProject
Project("{FAE04EC0-301F-11D3-BF4B-00C04F79EFBC}") = "ControlePonto.Core", "ControlePonto.Core\ControlePonto.Core.csproj", "{A0C15369-8E38-4900-8731-B3F7331753FE}"
EndProject
Project("{FAE04EC0-301F-11D3-BF4B-00C04F79EFBC}") = "ControlePonto.AppAdmin", "ControlePonto.AppAdmin\ControlePonto.AppAdmin.csproj", "{1D57B495-03F7-459E-8BAE-13D21F903F71}"
EndProject
Global
	GlobalSection(SolutionConfigurationPlatforms) = preSolution
		Debug|Any CPU = Debug|Any CPU
		Release|Any CPU = Release|Any CPU
	EndGlobalSection
	GlobalSection(ProjectConfigurationPlatforms) = postSolution
		{E3FCD73B-91E8-4794-A8D3-AE2C1BD4620A}.Debug|Any CPU.ActiveCfg = Debug|Any CPU
		{E3FCD73B-91E8-4794-A8D3-AE2C1BD4620A}.Debug|Any CPU.Build.0 = Debug|Any CPU
		{E3FCD73B-91E8-4794-A8D3-AE2C1BD4620A}.Release|Any CPU.ActiveCfg = Release|Any CPU
		{E3FCD73B-91E8-4794-A8D3-AE2C1BD4620A}.Release|Any CPU.Build.0 = Release|Any CPU
		{B357B041-3EF8-47B8-984A-1155F960B885}.Debug|Any CPU.ActiveCfg = Debug|Any CPU
		{B357B041-3EF8-47B8-984A-1155F960B885}.Debug|Any CPU.Build.0 = Debug|Any CPU
		{B357B041-3EF8-47B8-984A-1155F960B885}.Release|Any CPU.ActiveCfg = Release|Any CPU
		{B357B041-3EF8-47B8-984A-1155F960B885}.Release|Any CPU.Build.0 = Release|Any CPU
		{A0C15369-8E38-4900-8731-B3F7331753FE}.Debug|Any CPU.ActiveCfg = Debug|Any CPU
		{A0C15369-8E38-4900-8731-B3F7331753FE}.Debug|Any CPU.Build.0 = Debug|Any CPU
		{A0C15369-8E38-4900-8731-B3F7331753FE}.Release|Any CPU.ActiveCfg = Release|Any CPU
		{A0C15369-8E38-4900-8731-B3F7331753FE}.Release|Any CPU.Build.0 = Release|Any CPU
		{1D57B495-03F7-459E-8BAE-13D21F903F71}.Debug|Any CPU.ActiveCfg = Debug|Any CPU
		{1D57B495-03F7-459E-8BAE-13D21F903F71}.Debug|Any CPU.Build.0 = Debug|Any CPU
		{1D57B495-03F7-459E-8BAE-13D21F903F71}.Release|Any CPU.ActiveCfg = Release|Any CPU
		{1D57B495-03F7-459E-8BAE-13D21F903F71}.Release|Any CPU.Build.0 = Release|Any CPU
	EndGlobalSection
	GlobalSection(SolutionProperties) = preSolution
		HideSolutionNode = FALSE
	EndGlobalSection
	GlobalSection(ExtensibilityGlobals) = postSolution
		SolutionGuid = {36061C22-3944-47B8-B853-95554AFB04F1}
	EndGlobalSection
EndGlobal
